
Microsoft Visual Studio Solution File, Format Version 12.00
# Visual Studio Version 17
VisualStudioVersion = 17.5.33516.290
MinimumVisualStudioVersion = 10.0.40219.1
Project("{FAE04EC0-301F-11D3-BF4B-00C04F79EFBC}") = "FactoryWinForm", "FactoryWinForm\FactoryWinForm.csproj", "{BC79BD0E-35F8-4DAD-80B7-BA5B293E420F}"
EndProject
Global
	GlobalSection(SolutionConfigurationPlatforms) = preSolution
		Debug|Any CPU = Debug|Any CPU
		Release|Any CPU = Release|Any CPU
	EndGlobalSection
	GlobalSection(ProjectConfigurationPlatforms) = postSolution
		{BC79BD0E-35F8-4DAD-80B7-BA5B293E420F}.Debug|Any CPU.ActiveCfg = Debug|Any CPU
		{BC79BD0E-35F8-4DAD-80B7-BA5B293E420F}.Debug|Any CPU.Build.0 = Debug|Any CPU
		{BC79BD0E-35F8-4DAD-80B7-BA5B293E420F}.Release|Any CPU.ActiveCfg = Release|Any CPU
		{BC79BD0E-35F8-4DAD-80B7-BA5B293E420F}.Release|Any CPU.Build.0 = Release|Any CPU
	EndGlobalSection
	GlobalSection(SolutionProperties) = preSolution
		HideSolutionNode = FALSE
	EndGlobalSection
	GlobalSection(ExtensibilityGlobals) = postSolution
		SolutionGuid = {BCA263B9-9C11-4121-B85E-9DDEC561AAF6}
	EndGlobalSection
EndGlobal
